
Microsoft Visual Studio Solution File, Format Version 12.00
# Visual Studio Version 16
VisualStudioVersion = 16.0.28803.156
MinimumVisualStudioVersion = 10.0.40219.1
Project("{FAE04EC0-301F-11D3-BF4B-00C04F79EFBC}") = "KanBan", "KanBan\KanBan.csproj", "{8C427BB3-13F6-4148-AE0E-453D09B937D1}"
EndProject
Global
	GlobalSection(SolutionConfigurationPlatforms) = preSolution
		Debug|Any CPU = Debug|Any CPU
		Release|Any CPU = Release|Any CPU
	EndGlobalSection
	GlobalSection(ProjectConfigurationPlatforms) = postSolution
		{8C427BB3-13F6-4148-AE0E-453D09B937D1}.Debug|Any CPU.ActiveCfg = Debug|Any CPU
		{8C427BB3-13F6-4148-AE0E-453D09B937D1}.Debug|Any CPU.Build.0 = Debug|Any CPU
		{8C427BB3-13F6-4148-AE0E-453D09B937D1}.Release|Any CPU.ActiveCfg = Release|Any CPU
		{8C427BB3-13F6-4148-AE0E-453D09B937D1}.Release|Any CPU.Build.0 = Release|Any CPU
	EndGlobalSection
	GlobalSection(SolutionProperties) = preSolution
		HideSolutionNode = FALSE
	EndGlobalSection
	GlobalSection(ExtensibilityGlobals) = postSolution
		SolutionGuid = {B8771034-F0CA-4CE9-AD31-14D4A9EB226D}
	EndGlobalSection
EndGlobal
